// !$*UTF8*$!
{
	archiveVersion = 1;
	classes = {
	};
	objectVersion = 48;
	objects = {

/* Begin PBXBuildFile section */
		B106E9EE2024719600A9E2E9 /* EmojiArtDocumentTableViewController.swift in Sources */ = {isa = PBXBuildFile; fileRef = B106E9ED2024719500A9E2E9 /* EmojiArtDocumentTableViewController.swift */; };
		B106E9F02027EAB900A9E2E9 /* EmojiCollectionViewCell.swift in Sources */ = {isa = PBXBuildFile; fileRef = B106E9EF2027EAB900A9E2E9 /* EmojiCollectionViewCell.swift */; };
		B106E9F220291C8C00A9E2E9 /* EmojiArtView+Gestures.swift in Sources */ = {isa = PBXBuildFile; fileRef = B106E9F120291C8C00A9E2E9 /* EmojiArtView+Gestures.swift */; };
		B11ECA5F20233E640021D2E5 /* AppDelegate.swift in Sources */ = {isa = PBXBuildFile; fileRef = B11ECA5E20233E640021D2E5 /* AppDelegate.swift */; };
		B11ECA6420233E640021D2E5 /* Main.storyboard in Resources */ = {isa = PBXBuildFile; fileRef = B11ECA6220233E640021D2E5 /* Main.storyboard */; };
		B11ECA6620233E640021D2E5 /* Assets.xcassets in Resources */ = {isa = PBXBuildFile; fileRef = B11ECA6520233E640021D2E5 /* Assets.xcassets */; };
		B11ECA6920233E640021D2E5 /* LaunchScreen.storyboard in Resources */ = {isa = PBXBuildFile; fileRef = B11ECA6720233E640021D2E5 /* LaunchScreen.storyboard */; };
		B11ECA72202340690021D2E5 /* EmojiArtViewController.swift in Sources */ = {isa = PBXBuildFile; fileRef = B11ECA71202340690021D2E5 /* EmojiArtViewController.swift */; };
		B11ECA742023416C0021D2E5 /* EmojiArtView.swift in Sources */ = {isa = PBXBuildFile; fileRef = B11ECA732023416C0021D2E5 /* EmojiArtView.swift */; };
		B11ECA762023518E0021D2E5 /* Utilities.swift in Sources */ = {isa = PBXBuildFile; fileRef = B11ECA752023518E0021D2E5 /* Utilities.swift */; };
/* End PBXBuildFile section */

/* Begin PBXFileReference section */
		B106E9ED2024719500A9E2E9 /* EmojiArtDocumentTableViewController.swift */ = {isa = PBXFileReference; lastKnownFileType = sourcecode.swift; path = EmojiArtDocumentTableViewController.swift; sourceTree = "<group>"; };
		B106E9EF2027EAB900A9E2E9 /* EmojiCollectionViewCell.swift */ = {isa = PBXFileReference; lastKnownFileType = sourcecode.swift; path = EmojiCollectionViewCell.swift; sourceTree = "<group>"; };
		B106E9F120291C8C00A9E2E9 /* EmojiArtView+Gestures.swift */ = {isa = PBXFileReference; fileEncoding = 4; lastKnownFileType = sourcecode.swift; path = "EmojiArtView+Gestures.swift"; sourceTree = "<group>"; };
		B11ECA5B20233E640021D2E5 /* EmojiArt-11-2017.app */ = {isa = PBXFileReference; explicitFileType = wrapper.application; includeInIndex = 0; path = "EmojiArt-11-2017.app"; sourceTree = BUILT_PRODUCTS_DIR; };
		B11ECA5E20233E640021D2E5 /* AppDelegate.swift */ = {isa = PBXFileReference; lastKnownFileType = sourcecode.swift; path = AppDelegate.swift; sourceTree = "<group>"; };
		B11ECA6320233E640021D2E5 /* Base */ = {isa = PBXFileReference; lastKnownFileType = file.storyboard; name = Base; path = Base.lproj/Main.storyboard; sourceTree = "<group>"; };
		B11ECA6520233E640021D2E5 /* Assets.xcassets */ = {isa = PBXFileReference; lastKnownFileType = folder.assetcatalog; path = Assets.xcassets; sourceTree = "<group>"; };
		B11ECA6820233E640021D2E5 /* Base */ = {isa = PBXFileReference; lastKnownFileType = file.storyboard; name = Base; path = Base.lproj/LaunchScreen.storyboard; sourceTree = "<group>"; };
		B11ECA6A20233E640021D2E5 /* Info.plist */ = {isa = PBXFileReference; lastKnownFileType = text.plist.xml; path = Info.plist; sourceTree = "<group>"; };
		B11ECA71202340690021D2E5 /* EmojiArtViewController.swift */ = {isa = PBXFileReference; lastKnownFileType = sourcecode.swift; path = EmojiArtViewController.swift; sourceTree = "<group>"; };
		B11ECA732023416C0021D2E5 /* EmojiArtView.swift */ = {isa = PBXFileReference; lastKnownFileType = sourcecode.swift; path = EmojiArtView.swift; sourceTree = "<group>"; };
		B11ECA752023518E0021D2E5 /* Utilities.swift */ = {isa = PBXFileReference; fileEncoding = 4; lastKnownFileType = sourcecode.swift; path = Utilities.swift; sourceTree = "<group>"; };
/* End PBXFileReference section */

/* Begin PBXFrameworksBuildPhase section */
		B11ECA5820233E640021D2E5 /* Frameworks */ = {
			isa = PBXFrameworksBuildPhase;
			buildActionMask = 2147483647;
			files = (
			);
			runOnlyForDeploymentPostprocessing = 0;
		};
/* End PBXFrameworksBuildPhase section */

/* Begin PBXGroup section */
		B11ECA5220233E640021D2E5 = {
			isa = PBXGroup;
			children = (
				B11ECA5D20233E640021D2E5 /* EmojiArt-11-2017 */,
				B11ECA5C20233E640021D2E5 /* Products */,
			);
			sourceTree = "<group>";
		};
		B11ECA5C20233E640021D2E5 /* Products */ = {
			isa = PBXGroup;
			children = (
				B11ECA5B20233E640021D2E5 /* EmojiArt-11-2017.app */,
			);
			name = Products;
			sourceTree = "<group>";
		};
		B11ECA5D20233E640021D2E5 /* EmojiArt-11-2017 */ = {
			isa = PBXGroup;
			children = (
				B11ECA6220233E640021D2E5 /* Main.storyboard */,
				B106E9ED2024719500A9E2E9 /* EmojiArtDocumentTableViewController.swift */,
				B11ECA732023416C0021D2E5 /* EmojiArtView.swift */,
				B11ECA71202340690021D2E5 /* EmojiArtViewController.swift */,
				B106E9EF2027EAB900A9E2E9 /* EmojiCollectionViewCell.swift */,
				B11ECA7020233F500021D2E5 /* Supporting Files */,
				B11ECA6A20233E640021D2E5 /* Info.plist */,
			);
			path = "EmojiArt-11-2017";
			sourceTree = "<group>";
		};
		B11ECA7020233F500021D2E5 /* Supporting Files */ = {
			isa = PBXGroup;
			children = (
				B106E9F120291C8C00A9E2E9 /* EmojiArtView+Gestures.swift */,
				B11ECA752023518E0021D2E5 /* Utilities.swift */,
				B11ECA5E20233E640021D2E5 /* AppDelegate.swift */,
				B11ECA6520233E640021D2E5 /* Assets.xcassets */,
				B11ECA6720233E640021D2E5 /* LaunchScreen.storyboard */,
			);
			path = "Supporting Files";
			sourceTree = "<group>";
		};
/* End PBXGroup section */

/* Begin PBXNativeTarget section */
		B11ECA5A20233E640021D2E5 /* EmojiArt-11-2017 */ = {
			isa = PBXNativeTarget;
			buildConfigurationList = B11ECA6D20233E640021D2E5 /* Build configuration list for PBXNativeTarget "EmojiArt-11-2017" */;
			buildPhases = (
				B11ECA5720233E640021D2E5 /* Sources */,
				B11ECA5820233E640021D2E5 /* Frameworks */,
				B11ECA5920233E640021D2E5 /* Resources */,
			);
			buildRules = (
			);
			dependencies = (
			);
			name = "EmojiArt-11-2017";
			productName = "EmojiArt-11-2017";
			productReference = B11ECA5B20233E640021D2E5 /* EmojiArt-11-2017.app */;
			productType = "com.apple.product-type.application";
		};
/* End PBXNativeTarget section */

/* Begin PBXProject section */
		B11ECA5320233E640021D2E5 /* Project object */ = {
			isa = PBXProject;
			attributes = {
				LastSwiftUpdateCheck = 0920;
				LastUpgradeCheck = 0920;
				ORGANIZATIONNAME = "H Hugo Falkman";
				TargetAttributes = {
					B11ECA5A20233E640021D2E5 = {
						CreatedOnToolsVersion = 9.2;
						ProvisioningStyle = Automatic;
					};
				};
			};
			buildConfigurationList = B11ECA5620233E640021D2E5 /* Build configuration list for PBXProject "EmojiArt-11-2017" */;
			compatibilityVersion = "Xcode 8.0";
			developmentRegion = en;
			hasScannedForEncodings = 0;
			knownRegions = (
				en,
				Base,
			);
			mainGroup = B11ECA5220233E640021D2E5;
			productRefGroup = B11ECA5C20233E640021D2E5 /* Products */;
			projectDirPath = "";
			projectRoot = "";
			targets = (
				B11ECA5A20233E640021D2E5 /* EmojiArt-11-2017 */,
			);
		};
/* End PBXProject section */

/* Begin PBXResourcesBuildPhase section */
		B11ECA5920233E640021D2E5 /* Resources */ = {
			isa = PBXResourcesBuildPhase;
			buildActionMask = 2147483647;
			files = (
				B11ECA6920233E640021D2E5 /* LaunchScreen.storyboard in Resources */,
				B11ECA6620233E640021D2E5 /* Assets.xcassets in Resources */,
				B11ECA6420233E640021D2E5 /* Main.storyboard in Resources */,
			);
			runOnlyForDeploymentPostprocessing = 0;
		};
/* End PBXResourcesBuildPhase section */

/* Begin PBXSourcesBuildPhase section */
		B11ECA5720233E640021D2E5 /* Sources */ = {
			isa = PBXSourcesBuildPhase;
			buildActionMask = 2147483647;
			files = (
				B11ECA5F20233E640021D2E5 /* AppDelegate.swift in Sources */,
				B106E9F220291C8C00A9E2E9 /* EmojiArtView+Gestures.swift in Sources */,
				B106E9F02027EAB900A9E2E9 /* EmojiCollectionViewCell.swift in Sources */,
				B11ECA72202340690021D2E5 /* EmojiArtViewController.swift in Sources */,
				B11ECA762023518E0021D2E5 /* Utilities.swift in Sources */,
				B106E9EE2024719600A9E2E9 /* EmojiArtDocumentTableViewController.swift in Sources */,
				B11ECA742023416C0021D2E5 /* EmojiArtView.swift in Sources */,
			);
			runOnlyForDeploymentPostprocessing = 0;
		};
/* End PBXSourcesBuildPhase section */

/* Begin PBXVariantGroup section */
		B11ECA6220233E640021D2E5 /* Main.storyboard */ = {
			isa = PBXVariantGroup;
			children = (
				B11ECA6320233E640021D2E5 /* Base */,
			);
			name = Main.storyboard;
			sourceTree = "<group>";
		};
		B11ECA6720233E640021D2E5 /* LaunchScreen.storyboard */ = {
			isa = PBXVariantGroup;
			children = (
				B11ECA6820233E640021D2E5 /* Base */,
			);
			name = LaunchScreen.storyboard;
			sourceTree = "<group>";
		};
/* End PBXVariantGroup section */

/* Begin XCBuildConfiguration section */
		B11ECA6B20233E640021D2E5 /* Debug */ = {
			isa = XCBuildConfiguration;
			buildSettings = {
				ALWAYS_SEARCH_USER_PATHS = NO;
				CLANG_ANALYZER_NONNULL = YES;
				CLANG_ANALYZER_NUMBER_OBJECT_CONVERSION = YES_AGGRESSIVE;
				CLANG_CXX_LANGUAGE_STANDARD = "gnu++14";
				CLANG_CXX_LIBRARY = "libc++";
				CLANG_ENABLE_MODULES = YES;
				CLANG_ENABLE_OBJC_ARC = YES;
				CLANG_WARN_BLOCK_CAPTURE_AUTORELEASING = YES;
				CLANG_WARN_BOOL_CONVERSION = YES;
				CLANG_WARN_COMMA = YES;
				CLANG_WARN_CONSTANT_CONVERSION = YES;
				CLANG_WARN_DIRECT_OBJC_ISA_USAGE = YES_ERROR;
				CLANG_WARN_DOCUMENTATION_COMMENTS = YES;
				CLANG_WARN_EMPTY_BODY = YES;
				CLANG_WARN_ENUM_CONVERSION = YES;
				CLANG_WARN_INFINITE_RECURSION = YES;
				CLANG_WARN_INT_CONVERSION = YES;
				CLANG_WARN_NON_LITERAL_NULL_CONVERSION = YES;
				CLANG_WARN_OBJC_LITERAL_CONVERSION = YES;
				CLANG_WARN_OBJC_ROOT_CLASS = YES_ERROR;
				CLANG_WARN_RANGE_LOOP_ANALYSIS = YES;
				CLANG_WARN_STRICT_PROTOTYPES = YES;
				CLANG_WARN_SUSPICIOUS_MOVE = YES;
				CLANG_WARN_UNGUARDED_AVAILABILITY = YES_AGGRESSIVE;
				CLANG_WARN_UNREACHABLE_CODE = YES;
				CLANG_WARN__DUPLICATE_METHOD_MATCH = YES;
				CODE_SIGN_IDENTITY = "iPhone Developer";
				COPY_PHASE_STRIP = NO;
				DEBUG_INFORMATION_FORMAT = dwarf;
				ENABLE_STRICT_OBJC_MSGSEND = YES;
				ENABLE_TESTABILITY = YES;
				GCC_C_LANGUAGE_STANDARD = gnu11;
				GCC_DYNAMIC_NO_PIC = NO;
				GCC_NO_COMMON_BLOCKS = YES;
				GCC_OPTIMIZATION_LEVEL = 0;
				GCC_PREPROCESSOR_DEFINITIONS = (
					"DEBUG=1",
					"$(inherited)",
				);
				GCC_WARN_64_TO_32_BIT_CONVERSION = YES;
				GCC_WARN_ABOUT_RETURN_TYPE = YES_ERROR;
				GCC_WARN_UNDECLARED_SELECTOR = YES;
				GCC_WARN_UNINITIALIZED_AUTOS = YES_AGGRESSIVE;
				GCC_WARN_UNUSED_FUNCTION = YES;
				GCC_WARN_UNUSED_VARIABLE = YES;
				IPHONEOS_DEPLOYMENT_TARGET = 11.2;
				MTL_ENABLE_DEBUG_INFO = YES;
				ONLY_ACTIVE_ARCH = YES;
				SDKROOT = iphoneos;
				SWIFT_ACTIVE_COMPILATION_CONDITIONS = DEBUG;
				SWIFT_OPTIMIZATION_LEVEL = "-Onone";
			};
			name = Debug;
		};
		B11ECA6C20233E640021D2E5 /* Release */ = {
			isa = XCBuildConfiguration;
			buildSettings = {
				ALWAYS_SEARCH_USER_PATHS = NO;
				CLANG_ANALYZER_NONNULL = YES;
				CLANG_ANALYZER_NUMBER_OBJECT_CONVERSION = YES_AGGRESSIVE;
				CLANG_CXX_LANGUAGE_STANDARD = "gnu++14";
				CLANG_CXX_LIBRARY = "libc++";
				CLANG_ENABLE_MODULES = YES;
				CLANG_ENABLE_OBJC_ARC = YES;
				CLANG_WARN_BLOCK_CAPTURE_AUTORELEASING = YES;
				CLANG_WARN_BOOL_CONVERSION = YES;
				CLANG_WARN_COMMA = YES;
				CLANG_WARN_CONSTANT_CONVERSION = YES;
				CLANG_WARN_DIRECT_OBJC_ISA_USAGE = YES_ERROR;
				CLANG_WARN_DOCUMENTATION_COMMENTS = YES;
				CLANG_WARN_EMPTY_BODY = YES;
				CLANG_WARN_ENUM_CONVERSION = YES;
				CLANG_WARN_INFINITE_RECURSION = YES;
				CLANG_WARN_INT_CONVERSION = YES;
				CLANG_WARN_NON_LITERAL_NULL_CONVERSION = YES;
				CLANG_WARN_OBJC_LITERAL_CONVERSION = YES;
				CLANG_WARN_OBJC_ROOT_CLASS = YES_ERROR;
				CLANG_WARN_RANGE_LOOP_ANALYSIS = YES;
				CLANG_WARN_STRICT_PROTOTYPES = YES;
				CLANG_WARN_SUSPICIOUS_MOVE = YES;
				CLANG_WARN_UNGUARDED_AVAILABILITY = YES_AGGRESSIVE;
				CLANG_WARN_UNREACHABLE_CODE = YES;
				CLANG_WARN__DUPLICATE_METHOD_MATCH = YES;
				CODE_SIGN_IDENTITY = "iPhone Developer";
				COPY_PHASE_STRIP = NO;
				DEBUG_INFORMATION_FORMAT = "dwarf-with-dsym";
				ENABLE_NS_ASSERTIONS = NO;
				ENABLE_STRICT_OBJC_MSGSEND = YES;
				GCC_C_LANGUAGE_STANDARD = gnu11;
				GCC_NO_COMMON_BLOCKS = YES;
				GCC_WARN_64_TO_32_BIT_CONVERSION = YES;
				GCC_WARN_ABOUT_RETURN_TYPE = YES_ERROR;
				GCC_WARN_UNDECLARED_SELECTOR = YES;
				GCC_WARN_UNINITIALIZED_AUTOS = YES_AGGRESSIVE;
				GCC_WARN_UNUSED_FUNCTION = YES;
				GCC_WARN_UNUSED_VARIABLE = YES;
				IPHONEOS_DEPLOYMENT_TARGET = 11.2;
				MTL_ENABLE_DEBUG_INFO = NO;
				SDKROOT = iphoneos;
				SWIFT_OPTIMIZATION_LEVEL = "-Owholemodule";
				VALIDATE_PRODUCT = YES;
			};
			name = Release;
		};
		B11ECA6E20233E640021D2E5 /* Debug */ = {
			isa = XCBuildConfiguration;
			buildSettings = {
				ASSETCATALOG_COMPILER_APPICON_NAME = AppIcon;
				CODE_SIGN_STYLE = Automatic;
				DEVELOPMENT_TEAM = CAE4XXMP5G;
				INFOPLIST_FILE = "EmojiArt-11-2017/Info.plist";
				LD_RUNPATH_SEARCH_PATHS = "$(inherited) @executable_path/Frameworks";
				PRODUCT_BUNDLE_IDENTIFIER = "com.hhugofalkman.EmojiArt-11-2017";
				PRODUCT_NAME = "$(TARGET_NAME)";
				SWIFT_VERSION = 4.0;
				TARGETED_DEVICE_FAMILY = "1,2";
			};
			name = Debug;
		};
		B11ECA6F20233E640021D2E5 /* Release */ = {
			isa = XCBuildConfiguration;
			buildSettings = {
				ASSETCATALOG_COMPILER_APPICON_NAME = AppIcon;
				CODE_SIGN_STYLE = Automatic;
				DEVELOPMENT_TEAM = CAE4XXMP5G;
				INFOPLIST_FILE = "EmojiArt-11-2017/Info.plist";
				LD_RUNPATH_SEARCH_PATHS = "$(inherited) @executable_path/Frameworks";
				PRODUCT_BUNDLE_IDENTIFIER = "com.hhugofalkman.EmojiArt-11-2017";
				PRODUCT_NAME = "$(TARGET_NAME)";
				SWIFT_VERSION = 4.0;
				TARGETED_DEVICE_FAMILY = "1,2";
			};
			name = Release;
		};
/* End XCBuildConfiguration section */

/* Begin XCConfigurationList section */
		B11ECA5620233E640021D2E5 /* Build configuration list for PBXProject "EmojiArt-11-2017" */ = {
			isa = XCConfigurationList;
			buildConfigurations = (
				B11ECA6B20233E640021D2E5 /* Debug */,
				B11ECA6C20233E640021D2E5 /* Release */,
			);
			defaultConfigurationIsVisible = 0;
			defaultConfigurationName = Release;
		};
		B11ECA6D20233E640021D2E5 /* Build configuration list for PBXNativeTarget "EmojiArt-11-2017" */ = {
			isa = XCConfigurationList;
			buildConfigurations = (
				B11ECA6E20233E640021D2E5 /* Debug */,
				B11ECA6F20233E640021D2E5 /* Release */,
			);
			defaultConfigurationIsVisible = 0;
			defaultConfigurationName = Release;
		};
/* End XCConfigurationList section */
	};
	rootObject = B11ECA5320233E640021D2E5 /* Project object */;
}
